
Microsoft Visual Studio Solution File, Format Version 12.00
# Visual Studio Version 17
VisualStudioVersion = 17.1.32414.318
MinimumVisualStudioVersion = 10.0.40219.1
Project("{FAE04EC0-301F-11D3-BF4B-00C04F79EFBC}") = "MaalSuchiAPI", "MaalSuchiAPI\MaalSuchiAPI.csproj", "{BF10DC86-62B2-4436-B798-9704E2D11167}"
EndProject
Global
	GlobalSection(SolutionConfigurationPlatforms) = preSolution
		Debug|Any CPU = Debug|Any CPU
		Release|Any CPU = Release|Any CPU
	EndGlobalSection
	GlobalSection(ProjectConfigurationPlatforms) = postSolution
		{BF10DC86-62B2-4436-B798-9704E2D11167}.Debug|Any CPU.ActiveCfg = Debug|Any CPU
		{BF10DC86-62B2-4436-B798-9704E2D11167}.Debug|Any CPU.Build.0 = Debug|Any CPU
		{BF10DC86-62B2-4436-B798-9704E2D11167}.Release|Any CPU.ActiveCfg = Release|Any CPU
		{BF10DC86-62B2-4436-B798-9704E2D11167}.Release|Any CPU.Build.0 = Release|Any CPU
	EndGlobalSection
	GlobalSection(SolutionProperties) = preSolution
		HideSolutionNode = FALSE
	EndGlobalSection
	GlobalSection(ExtensibilityGlobals) = postSolution
		SolutionGuid = {DAE72F41-74CD-42EE-89A2-2CE3D986D81F}
	EndGlobalSection
EndGlobal
